// !$*UTF8*$!
{
	archiveVersion = 1;
	classes = {
	};
	objectVersion = 48;
	objects = {

/* Begin PBXBuildFile section */
		59334F331FCE749E00BB2BCC /* AppDelegate.swift in Sources */ = {isa = PBXBuildFile; fileRef = 59334F321FCE749E00BB2BCC /* AppDelegate.swift */; };
		59334F351FCE749E00BB2BCC /* ViewController.swift in Sources */ = {isa = PBXBuildFile; fileRef = 59334F341FCE749E00BB2BCC /* ViewController.swift */; };
		59334F381FCE749E00BB2BCC /* Main.storyboard in Resources */ = {isa = PBXBuildFile; fileRef = 59334F361FCE749E00BB2BCC /* Main.storyboard */; };
		59334F3A1FCE749E00BB2BCC /* Assets.xcassets in Resources */ = {isa = PBXBuildFile; fileRef = 59334F391FCE749E00BB2BCC /* Assets.xcassets */; };
		59334F3D1FCE749E00BB2BCC /* LaunchScreen.storyboard in Resources */ = {isa = PBXBuildFile; fileRef = 59334F3B1FCE749E00BB2BCC /* LaunchScreen.storyboard */; };
		9A9872C3519062D880581D2C /* Pods_FirebaseUIAuthSample.framework in Frameworks */ = {isa = PBXBuildFile; fileRef = 6E9DED8296B3C53FB9D5A88A /* Pods_FirebaseUIAuthSample.framework */; };
/* End PBXBuildFile section */

/* Begin PBXFileReference section */
		30D6E4A45C44D81772CE061A /* Pods-FirebaseUIAuthSample.release.xcconfig */ = {isa = PBXFileReference; includeInIndex = 1; lastKnownFileType = text.xcconfig; name = "Pods-FirebaseUIAuthSample.release.xcconfig"; path = "Pods/Target Support Files/Pods-FirebaseUIAuthSample/Pods-FirebaseUIAuthSample.release.xcconfig"; sourceTree = "<group>"; };
		424E497A37AC270A4D42A70C /* Pods-FirebaseUIAuthSample.debug.xcconfig */ = {isa = PBXFileReference; includeInIndex = 1; lastKnownFileType = text.xcconfig; name = "Pods-FirebaseUIAuthSample.debug.xcconfig"; path = "Pods/Target Support Files/Pods-FirebaseUIAuthSample/Pods-FirebaseUIAuthSample.debug.xcconfig"; sourceTree = "<group>"; };
		59334F2F1FCE749E00BB2BCC /* FirebaseUIAuthSample.app */ = {isa = PBXFileReference; explicitFileType = wrapper.application; includeInIndex = 0; path = FirebaseUIAuthSample.app; sourceTree = BUILT_PRODUCTS_DIR; };
		59334F321FCE749E00BB2BCC /* AppDelegate.swift */ = {isa = PBXFileReference; lastKnownFileType = sourcecode.swift; path = AppDelegate.swift; sourceTree = "<group>"; };
		59334F341FCE749E00BB2BCC /* ViewController.swift */ = {isa = PBXFileReference; lastKnownFileType = sourcecode.swift; path = ViewController.swift; sourceTree = "<group>"; };
		59334F371FCE749E00BB2BCC /* Base */ = {isa = PBXFileReference; lastKnownFileType = file.storyboard; name = Base; path = Base.lproj/Main.storyboard; sourceTree = "<group>"; };
		59334F391FCE749E00BB2BCC /* Assets.xcassets */ = {isa = PBXFileReference; lastKnownFileType = folder.assetcatalog; path = Assets.xcassets; sourceTree = "<group>"; };
		59334F3C1FCE749E00BB2BCC /* Base */ = {isa = PBXFileReference; lastKnownFileType = file.storyboard; name = Base; path = Base.lproj/LaunchScreen.storyboard; sourceTree = "<group>"; };
		59334F3E1FCE749E00BB2BCC /* Info.plist */ = {isa = PBXFileReference; lastKnownFileType = text.plist.xml; path = Info.plist; sourceTree = "<group>"; };
		6E9DED8296B3C53FB9D5A88A /* Pods_FirebaseUIAuthSample.framework */ = {isa = PBXFileReference; explicitFileType = wrapper.framework; includeInIndex = 0; path = Pods_FirebaseUIAuthSample.framework; sourceTree = BUILT_PRODUCTS_DIR; };
/* End PBXFileReference section */

/* Begin PBXFrameworksBuildPhase section */
		59334F2C1FCE749E00BB2BCC /* Frameworks */ = {
			isa = PBXFrameworksBuildPhase;
			buildActionMask = 2147483647;
			files = (
				9A9872C3519062D880581D2C /* Pods_FirebaseUIAuthSample.framework in Frameworks */,
			);
			runOnlyForDeploymentPostprocessing = 0;
		};
/* End PBXFrameworksBuildPhase section */

/* Begin PBXGroup section */
		14A2EC5E846C34012197648C /* Pods */ = {
			isa = PBXGroup;
			children = (
				424E497A37AC270A4D42A70C /* Pods-FirebaseUIAuthSample.debug.xcconfig */,
				30D6E4A45C44D81772CE061A /* Pods-FirebaseUIAuthSample.release.xcconfig */,
			);
			name = Pods;
			sourceTree = "<group>";
		};
		59334F261FCE749E00BB2BCC = {
			isa = PBXGroup;
			children = (
				59334F311FCE749E00BB2BCC /* FirebaseUIAuthSample */,
				59334F301FCE749E00BB2BCC /* Products */,
				14A2EC5E846C34012197648C /* Pods */,
				70CE19E89B89E04A8F1863AF /* Frameworks */,
			);
			sourceTree = "<group>";
		};
		59334F301FCE749E00BB2BCC /* Products */ = {
			isa = PBXGroup;
			children = (
				59334F2F1FCE749E00BB2BCC /* FirebaseUIAuthSample.app */,
			);
			name = Products;
			sourceTree = "<group>";
		};
		59334F311FCE749E00BB2BCC /* FirebaseUIAuthSample */ = {
			isa = PBXGroup;
			children = (
				59334F321FCE749E00BB2BCC /* AppDelegate.swift */,
				59334F341FCE749E00BB2BCC /* ViewController.swift */,
				59334F361FCE749E00BB2BCC /* Main.storyboard */,
				59334F391FCE749E00BB2BCC /* Assets.xcassets */,
				59334F3B1FCE749E00BB2BCC /* LaunchScreen.storyboard */,
				59334F3E1FCE749E00BB2BCC /* Info.plist */,
			);
			path = FirebaseUIAuthSample;
			sourceTree = "<group>";
		};
		70CE19E89B89E04A8F1863AF /* Frameworks */ = {
			isa = PBXGroup;
			children = (
				6E9DED8296B3C53FB9D5A88A /* Pods_FirebaseUIAuthSample.framework */,
			);
			name = Frameworks;
			sourceTree = "<group>";
		};
/* End PBXGroup section */

/* Begin PBXNativeTarget section */
		59334F2E1FCE749E00BB2BCC /* FirebaseUIAuthSample */ = {
			isa = PBXNativeTarget;
			buildConfigurationList = 59334F411FCE749E00BB2BCC /* Build configuration list for PBXNativeTarget "FirebaseUIAuthSample" */;
			buildPhases = (
				0B0C9043A990148DFDACF76F /* [CP] Check Pods Manifest.lock */,
				59334F2B1FCE749E00BB2BCC /* Sources */,
				59334F2C1FCE749E00BB2BCC /* Frameworks */,
				59334F2D1FCE749E00BB2BCC /* Resources */,
				F13D32BFD071849C18EDA53D /* [CP] Embed Pods Frameworks */,
				9A5606C75CD965D7A647F1E9 /* [CP] Copy Pods Resources */,
			);
			buildRules = (
			);
			dependencies = (
			);
			name = FirebaseUIAuthSample;
			productName = FirebaseUIAuthSample;
			productReference = 59334F2F1FCE749E00BB2BCC /* FirebaseUIAuthSample.app */;
			productType = "com.apple.product-type.application";
		};
/* End PBXNativeTarget section */

/* Begin PBXProject section */
		59334F271FCE749E00BB2BCC /* Project object */ = {
			isa = PBXProject;
			attributes = {
				LastSwiftUpdateCheck = 0910;
				LastUpgradeCheck = 0910;
				ORGANIZATIONNAME = "Masahiko Sato";
				TargetAttributes = {
					59334F2E1FCE749E00BB2BCC = {
						CreatedOnToolsVersion = 9.1;
						ProvisioningStyle = Automatic;
					};
				};
			};
			buildConfigurationList = 59334F2A1FCE749E00BB2BCC /* Build configuration list for PBXProject "FirebaseUIAuthSample" */;
			compatibilityVersion = "Xcode 8.0";
			developmentRegion = en;
			hasScannedForEncodings = 0;
			knownRegions = (
				en,
				Base,
			);
			mainGroup = 59334F261FCE749E00BB2BCC;
			productRefGroup = 59334F301FCE749E00BB2BCC /* Products */;
			projectDirPath = "";
			projectRoot = "";
			targets = (
				59334F2E1FCE749E00BB2BCC /* FirebaseUIAuthSample */,
			);
		};
/* End PBXProject section */

/* Begin PBXResourcesBuildPhase section */
		59334F2D1FCE749E00BB2BCC /* Resources */ = {
			isa = PBXResourcesBuildPhase;
			buildActionMask = 2147483647;
			files = (
				59334F3D1FCE749E00BB2BCC /* LaunchScreen.storyboard in Resources */,
				59334F3A1FCE749E00BB2BCC /* Assets.xcassets in Resources */,
				59334F381FCE749E00BB2BCC /* Main.storyboard in Resources */,
			);
			runOnlyForDeploymentPostprocessing = 0;
		};
/* End PBXResourcesBuildPhase section */

/* Begin PBXShellScriptBuildPhase section */
		0B0C9043A990148DFDACF76F /* [CP] Check Pods Manifest.lock */ = {
			isa = PBXShellScriptBuildPhase;
			buildActionMask = 2147483647;
			files = (
			);
			inputPaths = (
			);
			name = "[CP] Check Pods Manifest.lock";
			outputPaths = (
			);
			runOnlyForDeploymentPostprocessing = 0;
			shellPath = /bin/sh;
			shellScript = "diff \"${PODS_ROOT}/../Podfile.lock\" \"${PODS_ROOT}/Manifest.lock\" > /dev/null\nif [ $? != 0 ] ; then\n    # print error to STDERR\n    echo \"error: The sandbox is not in sync with the Podfile.lock. Run 'pod install' or update your CocoaPods installation.\" >&2\n    exit 1\nfi\n";
			showEnvVarsInLog = 0;
		};
		9A5606C75CD965D7A647F1E9 /* [CP] Copy Pods Resources */ = {
			isa = PBXShellScriptBuildPhase;
			buildActionMask = 2147483647;
			files = (
			);
			inputPaths = (
			);
			name = "[CP] Copy Pods Resources";
			outputPaths = (
			);
			runOnlyForDeploymentPostprocessing = 0;
			shellPath = /bin/sh;
			shellScript = "\"${SRCROOT}/Pods/Target Support Files/Pods-FirebaseUIAuthSample/Pods-FirebaseUIAuthSample-resources.sh\"\n";
			showEnvVarsInLog = 0;
		};
		F13D32BFD071849C18EDA53D /* [CP] Embed Pods Frameworks */ = {
			isa = PBXShellScriptBuildPhase;
			buildActionMask = 2147483647;
			files = (
			);
			inputPaths = (
			);
			name = "[CP] Embed Pods Frameworks";
			outputPaths = (
			);
			runOnlyForDeploymentPostprocessing = 0;
			shellPath = /bin/sh;
			shellScript = "\"${SRCROOT}/Pods/Target Support Files/Pods-FirebaseUIAuthSample/Pods-FirebaseUIAuthSample-frameworks.sh\"\n";
			showEnvVarsInLog = 0;
		};
/* End PBXShellScriptBuildPhase section */

/* Begin PBXSourcesBuildPhase section */
		59334F2B1FCE749E00BB2BCC /* Sources */ = {
			isa = PBXSourcesBuildPhase;
			buildActionMask = 2147483647;
			files = (
				59334F351FCE749E00BB2BCC /* ViewController.swift in Sources */,
				59334F331FCE749E00BB2BCC /* AppDelegate.swift in Sources */,
			);
			runOnlyForDeploymentPostprocessing = 0;
		};
/* End PBXSourcesBuildPhase section */

/* Begin PBXVariantGroup section */
		59334F361FCE749E00BB2BCC /* Main.storyboard */ = {
			isa = PBXVariantGroup;
			children = (
				59334F371FCE749E00BB2BCC /* Base */,
			);
			name = Main.storyboard;
			sourceTree = "<group>";
		};
		59334F3B1FCE749E00BB2BCC /* LaunchScreen.storyboard */ = {
			isa = PBXVariantGroup;
			children = (
				59334F3C1FCE749E00BB2BCC /* Base */,
			);
			name = LaunchScreen.storyboard;
			sourceTree = "<group>";
		};
/* End PBXVariantGroup section */

/* Begin XCBuildConfiguration section */
		59334F3F1FCE749E00BB2BCC /* Debug */ = {
			isa = XCBuildConfiguration;
			buildSettings = {
				ALWAYS_SEARCH_USER_PATHS = NO;
				CLANG_ANALYZER_NONNULL = YES;
				CLANG_ANALYZER_NUMBER_OBJECT_CONVERSION = YES_AGGRESSIVE;
				CLANG_CXX_LANGUAGE_STANDARD = "gnu++14";
				CLANG_CXX_LIBRARY = "libc++";
				CLANG_ENABLE_MODULES = YES;
				CLANG_ENABLE_OBJC_ARC = YES;
				CLANG_WARN_BLOCK_CAPTURE_AUTORELEASING = YES;
				CLANG_WARN_BOOL_CONVERSION = YES;
				CLANG_WARN_COMMA = YES;
				CLANG_WARN_CONSTANT_CONVERSION = YES;
				CLANG_WARN_DIRECT_OBJC_ISA_USAGE = YES_ERROR;
				CLANG_WARN_DOCUMENTATION_COMMENTS = YES;
				CLANG_WARN_EMPTY_BODY = YES;
				CLANG_WARN_ENUM_CONVERSION = YES;
				CLANG_WARN_INFINITE_RECURSION = YES;
				CLANG_WARN_INT_CONVERSION = YES;
				CLANG_WARN_NON_LITERAL_NULL_CONVERSION = YES;
				CLANG_WARN_OBJC_LITERAL_CONVERSION = YES;
				CLANG_WARN_OBJC_ROOT_CLASS = YES_ERROR;
				CLANG_WARN_RANGE_LOOP_ANALYSIS = YES;
				CLANG_WARN_STRICT_PROTOTYPES = YES;
				CLANG_WARN_SUSPICIOUS_MOVE = YES;
				CLANG_WARN_UNGUARDED_AVAILABILITY = YES_AGGRESSIVE;
				CLANG_WARN_UNREACHABLE_CODE = YES;
				CLANG_WARN__DUPLICATE_METHOD_MATCH = YES;
				CODE_SIGN_IDENTITY = "iPhone Developer";
				COPY_PHASE_STRIP = NO;
				DEBUG_INFORMATION_FORMAT = dwarf;
				ENABLE_STRICT_OBJC_MSGSEND = YES;
				ENABLE_TESTABILITY = YES;
				GCC_C_LANGUAGE_STANDARD = gnu11;
				GCC_DYNAMIC_NO_PIC = NO;
				GCC_NO_COMMON_BLOCKS = YES;
				GCC_OPTIMIZATION_LEVEL = 0;
				GCC_PREPROCESSOR_DEFINITIONS = (
					"DEBUG=1",
					"$(inherited)",
				);
				GCC_WARN_64_TO_32_BIT_CONVERSION = YES;
				GCC_WARN_ABOUT_RETURN_TYPE = YES_ERROR;
				GCC_WARN_UNDECLARED_SELECTOR = YES;
				GCC_WARN_UNINITIALIZED_AUTOS = YES_AGGRESSIVE;
				GCC_WARN_UNUSED_FUNCTION = YES;
				GCC_WARN_UNUSED_VARIABLE = YES;
				IPHONEOS_DEPLOYMENT_TARGET = 11.1;
				MTL_ENABLE_DEBUG_INFO = YES;
				ONLY_ACTIVE_ARCH = YES;
				SDKROOT = iphoneos;
				SWIFT_ACTIVE_COMPILATION_CONDITIONS = DEBUG;
				SWIFT_OPTIMIZATION_LEVEL = "-Onone";
			};
			name = Debug;
		};
		59334F401FCE749E00BB2BCC /* Release */ = {
			isa = XCBuildConfiguration;
			buildSettings = {
				ALWAYS_SEARCH_USER_PATHS = NO;
				CLANG_ANALYZER_NONNULL = YES;
				CLANG_ANALYZER_NUMBER_OBJECT_CONVERSION = YES_AGGRESSIVE;
				CLANG_CXX_LANGUAGE_STANDARD = "gnu++14";
				CLANG_CXX_LIBRARY = "libc++";
				CLANG_ENABLE_MODULES = YES;
				CLANG_ENABLE_OBJC_ARC = YES;
				CLANG_WARN_BLOCK_CAPTURE_AUTORELEASING = YES;
				CLANG_WARN_BOOL_CONVERSION = YES;
				CLANG_WARN_COMMA = YES;
				CLANG_WARN_CONSTANT_CONVERSION = YES;
				CLANG_WARN_DIRECT_OBJC_ISA_USAGE = YES_ERROR;
				CLANG_WARN_DOCUMENTATION_COMMENTS = YES;
				CLANG_WARN_EMPTY_BODY = YES;
				CLANG_WARN_ENUM_CONVERSION = YES;
				CLANG_WARN_INFINITE_RECURSION = YES;
				CLANG_WARN_INT_CONVERSION = YES;
				CLANG_WARN_NON_LITERAL_NULL_CONVERSION = YES;
				CLANG_WARN_OBJC_LITERAL_CONVERSION = YES;
				CLANG_WARN_OBJC_ROOT_CLASS = YES_ERROR;
				CLANG_WARN_RANGE_LOOP_ANALYSIS = YES;
				CLANG_WARN_STRICT_PROTOTYPES = YES;
				CLANG_WARN_SUSPICIOUS_MOVE = YES;
				CLANG_WARN_UNGUARDED_AVAILABILITY = YES_AGGRESSIVE;
				CLANG_WARN_UNREACHABLE_CODE = YES;
				CLANG_WARN__DUPLICATE_METHOD_MATCH = YES;
				CODE_SIGN_IDENTITY = "iPhone Developer";
				COPY_PHASE_STRIP = NO;
				DEBUG_INFORMATION_FORMAT = "dwarf-with-dsym";
				ENABLE_NS_ASSERTIONS = NO;
				ENABLE_STRICT_OBJC_MSGSEND = YES;
				GCC_C_LANGUAGE_STANDARD = gnu11;
				GCC_NO_COMMON_BLOCKS = YES;
				GCC_WARN_64_TO_32_BIT_CONVERSION = YES;
				GCC_WARN_ABOUT_RETURN_TYPE = YES_ERROR;
				GCC_WARN_UNDECLARED_SELECTOR = YES;
				GCC_WARN_UNINITIALIZED_AUTOS = YES_AGGRESSIVE;
				GCC_WARN_UNUSED_FUNCTION = YES;
				GCC_WARN_UNUSED_VARIABLE = YES;
				IPHONEOS_DEPLOYMENT_TARGET = 11.1;
				MTL_ENABLE_DEBUG_INFO = NO;
				SDKROOT = iphoneos;
				SWIFT_OPTIMIZATION_LEVEL = "-Owholemodule";
				VALIDATE_PRODUCT = YES;
			};
			name = Release;
		};
		59334F421FCE749E00BB2BCC /* Debug */ = {
			isa = XCBuildConfiguration;
			baseConfigurationReference = 424E497A37AC270A4D42A70C /* Pods-FirebaseUIAuthSample.debug.xcconfig */;
			buildSettings = {
				ASSETCATALOG_COMPILER_APPICON_NAME = AppIcon;
				CODE_SIGN_STYLE = Automatic;
				DEVELOPMENT_TEAM = ALT3589ELY;
				INFOPLIST_FILE = FirebaseUIAuthSample/Info.plist;
				LD_RUNPATH_SEARCH_PATHS = "$(inherited) @executable_path/Frameworks";
				PRODUCT_BUNDLE_IDENTIFIER = jp.mediaxis.FirebaseUIAuthSample;
				PRODUCT_NAME = "$(TARGET_NAME)";
				SWIFT_VERSION = 4.0;
				TARGETED_DEVICE_FAMILY = "1,2";
			};
			name = Debug;
		};
		59334F431FCE749E00BB2BCC /* Release */ = {
			isa = XCBuildConfiguration;
			baseConfigurationReference = 30D6E4A45C44D81772CE061A /* Pods-FirebaseUIAuthSample.release.xcconfig */;
			buildSettings = {
				ASSETCATALOG_COMPILER_APPICON_NAME = AppIcon;
				CODE_SIGN_STYLE = Automatic;
				DEVELOPMENT_TEAM = ALT3589ELY;
				INFOPLIST_FILE = FirebaseUIAuthSample/Info.plist;
				LD_RUNPATH_SEARCH_PATHS = "$(inherited) @executable_path/Frameworks";
				PRODUCT_BUNDLE_IDENTIFIER = jp.mediaxis.FirebaseUIAuthSample;
				PRODUCT_NAME = "$(TARGET_NAME)";
				SWIFT_VERSION = 4.0;
				TARGETED_DEVICE_FAMILY = "1,2";
			};
			name = Release;
		};
/* End XCBuildConfiguration section */

/* Begin XCConfigurationList section */
		59334F2A1FCE749E00BB2BCC /* Build configuration list for PBXProject "FirebaseUIAuthSample" */ = {
			isa = XCConfigurationList;
			buildConfigurations = (
				59334F3F1FCE749E00BB2BCC /* Debug */,
				59334F401FCE749E00BB2BCC /* Release */,
			);
			defaultConfigurationIsVisible = 0;
			defaultConfigurationName = Release;
		};
		59334F411FCE749E00BB2BCC /* Build configuration list for PBXNativeTarget "FirebaseUIAuthSample" */ = {
			isa = XCConfigurationList;
			buildConfigurations = (
				59334F421FCE749E00BB2BCC /* Debug */,
				59334F431FCE749E00BB2BCC /* Release */,
			);
			defaultConfigurationIsVisible = 0;
			defaultConfigurationName = Release;
		};
/* End XCConfigurationList section */
	};
	rootObject = 59334F271FCE749E00BB2BCC /* Project object */;
}
